
Microsoft Visual Studio Solution File, Format Version 12.00
# Visual Studio Version 16
VisualStudioVersion = 16.0.31402.337
MinimumVisualStudioVersion = 10.0.40219.1
Project("{FAE04EC0-301F-11D3-BF4B-00C04F79EFBC}") = "HMS", "HMS.csproj", "{0FDA0CE0-3080-4BD2-A82E-2C50D39F7570}"
EndProject
Project("{FAE04EC0-301F-11D3-BF4B-00C04F79EFBC}") = "HMS.Entities", "HMS.Entities\HMS.Entities.csproj", "{E7BF54BB-AF47-477C-8BBF-D3DC457D1E29}"
EndProject
Project("{FAE04EC0-301F-11D3-BF4B-00C04F79EFBC}") = "HMS.Data", "HMS.Data\HMS.Data.csproj", "{547DD114-1254-4703-83B4-87C7BF263DB4}"
EndProject
Project("{FAE04EC0-301F-11D3-BF4B-00C04F79EFBC}") = "HMS.Services", "HMS.Services\HMS.Services.csproj", "{0AEB36D9-050B-4361-94B9-D7F3580BE1BF}"
EndProject
Global
	GlobalSection(SolutionConfigurationPlatforms) = preSolution
		Debug|Any CPU = Debug|Any CPU
		Release|Any CPU = Release|Any CPU
	EndGlobalSection
	GlobalSection(ProjectConfigurationPlatforms) = postSolution
		{0FDA0CE0-3080-4BD2-A82E-2C50D39F7570}.Debug|Any CPU.ActiveCfg = Debug|Any CPU
		{0FDA0CE0-3080-4BD2-A82E-2C50D39F7570}.Debug|Any CPU.Build.0 = Debug|Any CPU
		{0FDA0CE0-3080-4BD2-A82E-2C50D39F7570}.Release|Any CPU.ActiveCfg = Release|Any CPU
		{0FDA0CE0-3080-4BD2-A82E-2C50D39F7570}.Release|Any CPU.Build.0 = Release|Any CPU
		{E7BF54BB-AF47-477C-8BBF-D3DC457D1E29}.Debug|Any CPU.ActiveCfg = Debug|Any CPU
		{E7BF54BB-AF47-477C-8BBF-D3DC457D1E29}.Debug|Any CPU.Build.0 = Debug|Any CPU
		{E7BF54BB-AF47-477C-8BBF-D3DC457D1E29}.Release|Any CPU.ActiveCfg = Release|Any CPU
		{E7BF54BB-AF47-477C-8BBF-D3DC457D1E29}.Release|Any CPU.Build.0 = Release|Any CPU
		{547DD114-1254-4703-83B4-87C7BF263DB4}.Debug|Any CPU.ActiveCfg = Debug|Any CPU
		{547DD114-1254-4703-83B4-87C7BF263DB4}.Debug|Any CPU.Build.0 = Debug|Any CPU
		{547DD114-1254-4703-83B4-87C7BF263DB4}.Release|Any CPU.ActiveCfg = Release|Any CPU
		{547DD114-1254-4703-83B4-87C7BF263DB4}.Release|Any CPU.Build.0 = Release|Any CPU
		{0AEB36D9-050B-4361-94B9-D7F3580BE1BF}.Debug|Any CPU.ActiveCfg = Debug|Any CPU
		{0AEB36D9-050B-4361-94B9-D7F3580BE1BF}.Debug|Any CPU.Build.0 = Debug|Any CPU
		{0AEB36D9-050B-4361-94B9-D7F3580BE1BF}.Release|Any CPU.ActiveCfg = Release|Any CPU
		{0AEB36D9-050B-4361-94B9-D7F3580BE1BF}.Release|Any CPU.Build.0 = Release|Any CPU
	EndGlobalSection
	GlobalSection(SolutionProperties) = preSolution
		HideSolutionNode = FALSE
	EndGlobalSection
	GlobalSection(ExtensibilityGlobals) = postSolution
		SolutionGuid = {8DDB1A83-BB79-4679-85D4-98D1E22DE63D}
	EndGlobalSection
EndGlobal
